
Microsoft Visual Studio Solution File, Format Version 12.00
# Visual Studio 2013
VisualStudioVersion = 12.0.40629.0
MinimumVisualStudioVersion = 10.0.40219.1
Project("{FAE04EC0-301F-11D3-BF4B-00C04F79EFBC}") = "MVCProj", "MVCProj\MVCProj.csproj", "{067A1186-84C4-4E65-B19B-53A0EF199930}"
EndProject
Project("{FAE04EC0-301F-11D3-BF4B-00C04F79EFBC}") = "MVCProj.Tests", "MVCProj.Tests\MVCProj.Tests.csproj", "{DAEA13CA-494A-41D1-B78C-BDB0CB8650AE}"
EndProject
Global
	GlobalSection(SolutionConfigurationPlatforms) = preSolution
		Debug|Any CPU = Debug|Any CPU
		Release|Any CPU = Release|Any CPU
	EndGlobalSection
	GlobalSection(ProjectConfigurationPlatforms) = postSolution
		{067A1186-84C4-4E65-B19B-53A0EF199930}.Debug|Any CPU.ActiveCfg = Debug|Any CPU
		{067A1186-84C4-4E65-B19B-53A0EF199930}.Debug|Any CPU.Build.0 = Debug|Any CPU
		{067A1186-84C4-4E65-B19B-53A0EF199930}.Release|Any CPU.ActiveCfg = Release|Any CPU
		{067A1186-84C4-4E65-B19B-53A0EF199930}.Release|Any CPU.Build.0 = Release|Any CPU
		{DAEA13CA-494A-41D1-B78C-BDB0CB8650AE}.Debug|Any CPU.ActiveCfg = Debug|Any CPU
		{DAEA13CA-494A-41D1-B78C-BDB0CB8650AE}.Debug|Any CPU.Build.0 = Debug|Any CPU
		{DAEA13CA-494A-41D1-B78C-BDB0CB8650AE}.Release|Any CPU.ActiveCfg = Release|Any CPU
		{DAEA13CA-494A-41D1-B78C-BDB0CB8650AE}.Release|Any CPU.Build.0 = Release|Any CPU
	EndGlobalSection
	GlobalSection(SolutionProperties) = preSolution
		HideSolutionNode = FALSE
	EndGlobalSection
EndGlobal
